{
  "name": "dassco-asset-service",
  "lockfileVersion": 2,
  "requires": true,
  "packages": {
    "": {
      "dependencies": {
        "@types/randomcolor": "^0.5.7",
        "chroma-js": "^2.4.2"
      }
    },
    "node_modules/@types/randomcolor": {
      "version": "0.5.7",
      "resolved": "https://registry.npmjs.org/@types/randomcolor/-/randomcolor-0.5.7.tgz",
      "integrity": "sha512-LPcG96dGYRCsXlk1fslUNIg6ebEi+bKNyn84uBL/pu2cRSf5i/djD3ArJZOyzszVMVV/DB87va6pMZP+tRSl/w=="
    },
    "node_modules/chroma-js": {
      "version": "2.4.2",
      "resolved": "https://registry.npmjs.org/chroma-js/-/chroma-js-2.4.2.tgz",
      "integrity": "sha512-U9eDw6+wt7V8z5NncY2jJfZa+hUH8XEj8FQHgFJTrUFnJfXYf4Ml4adI2vXZOjqRDpFWtYVWypDfZwnJ+HIR4A=="
    }
  },
  "dependencies": {
    "@types/randomcolor": {
      "version": "0.5.7",
      "resolved": "https://registry.npmjs.org/@types/randomcolor/-/randomcolor-0.5.7.tgz",
      "integrity": "sha512-LPcG96dGYRCsXlk1fslUNIg6ebEi+bKNyn84uBL/pu2cRSf5i/djD3ArJZOyzszVMVV/DB87va6pMZP+tRSl/w=="
    },
    "chroma-js": {
      "version": "2.4.2",
      "resolved": "https://registry.npmjs.org/chroma-js/-/chroma-js-2.4.2.tgz",
      "integrity": "sha512-U9eDw6+wt7V8z5NncY2jJfZa+hUH8XEj8FQHgFJTrUFnJfXYf4Ml4adI2vXZOjqRDpFWtYVWypDfZwnJ+HIR4A=="
    }
  }
}
