{
  "name": "dassco-asset-service",
  "lockfileVersion": 2,
  "requires": true,
  "packages": {
    "": {
      "dependencies": {
        "@types/randomcolor": "^0.5.7"
      }
    },
    "node_modules/@types/randomcolor": {
      "version": "0.5.7",
      "resolved": "https://registry.npmjs.org/@types/randomcolor/-/randomcolor-0.5.7.tgz",
      "integrity": "sha512-LPcG96dGYRCsXlk1fslUNIg6ebEi+bKNyn84uBL/pu2cRSf5i/djD3ArJZOyzszVMVV/DB87va6pMZP+tRSl/w=="
    }
  },
  "dependencies": {
    "@types/randomcolor": {
      "version": "0.5.7",
      "resolved": "https://registry.npmjs.org/@types/randomcolor/-/randomcolor-0.5.7.tgz",
      "integrity": "sha512-LPcG96dGYRCsXlk1fslUNIg6ebEi+bKNyn84uBL/pu2cRSf5i/djD3ArJZOyzszVMVV/DB87va6pMZP+tRSl/w=="
    }
  }
}
